// !$*UTF8*$!
{
	archiveVersion = 1;
	classes = {
	};
	objectVersion = 48;
	objects = {

/* Begin PBXBuildFile section */
		EE9F3D551F84483700FB0483 /* main.cpp in Sources */ = {isa = PBXBuildFile; fileRef = EE9F3D541F84483700FB0483 /* main.cpp */; };
		EE9F3D631F8448C000FB0483 /* HelloBro_Error.cpp in Sources */ = {isa = PBXBuildFile; fileRef = EE9F3D5B1F8448BF00FB0483 /* HelloBro_Error.cpp */; };
		EE9F3D641F8448C000FB0483 /* HelloBro.cpp in Sources */ = {isa = PBXBuildFile; fileRef = EE9F3D5C1F8448BF00FB0483 /* HelloBro.cpp */; };
		EE9F3D651F8448C000FB0483 /* main.cpp in Sources */ = {isa = PBXBuildFile; fileRef = EE9F3D5E1F8448BF00FB0483 /* main.cpp */; };
		EE9F3D661F8448C000FB0483 /* makefile in Sources */ = {isa = PBXBuildFile; fileRef = EE9F3D5F1F8448BF00FB0483 /* makefile */; };
		EE9F3D671F8448C000FB0483 /* conversion.cpp in Sources */ = {isa = PBXBuildFile; fileRef = EE9F3D611F8448C000FB0483 /* conversion.cpp */; };
/* End PBXBuildFile section */

/* Begin PBXCopyFilesBuildPhase section */
		EE9F3D4F1F84483700FB0483 /* CopyFiles */ = {
			isa = PBXCopyFilesBuildPhase;
			buildActionMask = 2147483647;
			dstPath = /usr/share/man/man1/;
			dstSubfolderSpec = 0;
			files = (
			);
			runOnlyForDeploymentPostprocessing = 1;
		};
/* End PBXCopyFilesBuildPhase section */

/* Begin PBXFileReference section */
		EE9F3D511F84483700FB0483 /* City University of London */ = {isa = PBXFileReference; explicitFileType = "compiled.mach-o.executable"; includeInIndex = 0; path = "City University of London"; sourceTree = BUILT_PRODUCTS_DIR; };
		EE9F3D541F84483700FB0483 /* main.cpp */ = {isa = PBXFileReference; lastKnownFileType = sourcecode.cpp.cpp; path = main.cpp; sourceTree = "<group>"; };
		EE9F3D5B1F8448BF00FB0483 /* HelloBro_Error.cpp */ = {isa = PBXFileReference; fileEncoding = 4; lastKnownFileType = sourcecode.cpp.cpp; name = HelloBro_Error.cpp; path = ../../../../../../../Documents/Cpp/Week1/HelloBro_Error.cpp; sourceTree = "<group>"; };
		EE9F3D5C1F8448BF00FB0483 /* HelloBro.cpp */ = {isa = PBXFileReference; fileEncoding = 4; lastKnownFileType = sourcecode.cpp.cpp; name = HelloBro.cpp; path = ../../../../../../../Documents/Cpp/Week1/HelloBro.cpp; sourceTree = "<group>"; };
		EE9F3D5D1F8448BF00FB0483 /* HelloBro.obj */ = {isa = PBXFileReference; lastKnownFileType = file; name = HelloBro.obj; path = ../../../../../../../Documents/Cpp/Week1/HelloBro.obj; sourceTree = "<group>"; };
		EE9F3D5E1F8448BF00FB0483 /* main.cpp */ = {isa = PBXFileReference; fileEncoding = 4; lastKnownFileType = sourcecode.cpp.cpp; name = main.cpp; path = ../../../../../../../Documents/Cpp/Week1/main.cpp; sourceTree = "<group>"; };
		EE9F3D5F1F8448BF00FB0483 /* makefile */ = {isa = PBXFileReference; fileEncoding = 4; lastKnownFileType = sourcecode.make; name = makefile; path = ../../../../../../../Documents/Cpp/Week1/makefile; sourceTree = "<group>"; };
		EE9F3D601F8448C000FB0483 /* main.h */ = {isa = PBXFileReference; fileEncoding = 4; lastKnownFileType = sourcecode.c.h; name = main.h; path = ../../../../../../../Documents/Cpp/Week1/main.h; sourceTree = "<group>"; };
		EE9F3D611F8448C000FB0483 /* conversion.cpp */ = {isa = PBXFileReference; fileEncoding = 4; lastKnownFileType = sourcecode.cpp.cpp; name = conversion.cpp; path = ../../../../../../../Documents/Cpp/Week1/conversion.cpp; sourceTree = "<group>"; };
		EE9F3D621F8448C000FB0483 /* HelloBro.exe */ = {isa = PBXFileReference; lastKnownFileType = file; name = HelloBro.exe; path = ../../../../../../../Documents/Cpp/Week1/HelloBro.exe; sourceTree = "<group>"; };
/* End PBXFileReference section */

/* Begin PBXFrameworksBuildPhase section */
		EE9F3D4E1F84483700FB0483 /* Frameworks */ = {
			isa = PBXFrameworksBuildPhase;
			buildActionMask = 2147483647;
			files = (
			);
			runOnlyForDeploymentPostprocessing = 0;
		};
/* End PBXFrameworksBuildPhase section */

/* Begin PBXGroup section */
		EE9F3D481F84483700FB0483 = {
			isa = PBXGroup;
			children = (
				EE9F3D531F84483700FB0483 /* C++ Part 2 */,
				EE9F3D521F84483700FB0483 /* Products */,
			);
			sourceTree = "<group>";
		};
		EE9F3D521F84483700FB0483 /* Products */ = {
			isa = PBXGroup;
			children = (
				EE9F3D511F84483700FB0483 /* City University of London */,
			);
			name = Products;
			sourceTree = "<group>";
		};
		EE9F3D531F84483700FB0483 /* C++ Part 2 */ = {
			isa = PBXGroup;
			children = (
				EE9F3D611F8448C000FB0483 /* conversion.cpp */,
				EE9F3D5B1F8448BF00FB0483 /* HelloBro_Error.cpp */,
				EE9F3D5C1F8448BF00FB0483 /* HelloBro.cpp */,
				EE9F3D621F8448C000FB0483 /* HelloBro.exe */,
				EE9F3D5D1F8448BF00FB0483 /* HelloBro.obj */,
				EE9F3D5E1F8448BF00FB0483 /* main.cpp */,
				EE9F3D601F8448C000FB0483 /* main.h */,
				EE9F3D5F1F8448BF00FB0483 /* makefile */,
				EE9F3D541F84483700FB0483 /* main.cpp */,
			);
			path = "C++ Part 2";
			sourceTree = "<group>";
		};
/* End PBXGroup section */

/* Begin PBXNativeTarget section */
		EE9F3D501F84483700FB0483 /* City University of London */ = {
			isa = PBXNativeTarget;
			buildConfigurationList = EE9F3D581F84483700FB0483 /* Build configuration list for PBXNativeTarget "City University of London" */;
			buildPhases = (
				EE9F3D4D1F84483700FB0483 /* Sources */,
				EE9F3D4E1F84483700FB0483 /* Frameworks */,
				EE9F3D4F1F84483700FB0483 /* CopyFiles */,
			);
			buildRules = (
			);
			dependencies = (
			);
			name = "City University of London";
			productName = "C++ Part 2";
			productReference = EE9F3D511F84483700FB0483 /* City University of London */;
			productType = "com.apple.product-type.tool";
		};
/* End PBXNativeTarget section */

/* Begin PBXProject section */
		EE9F3D491F84483700FB0483 /* Project object */ = {
			isa = PBXProject;
			attributes = {
				LastUpgradeCheck = 0900;
				ORGANIZATIONNAME = "Rafael V.";
				TargetAttributes = {
					EE9F3D501F84483700FB0483 = {
						CreatedOnToolsVersion = 9.0;
						ProvisioningStyle = Automatic;
					};
				};
			};
			buildConfigurationList = EE9F3D4C1F84483700FB0483 /* Build configuration list for PBXProject "City University of London" */;
			compatibilityVersion = "Xcode 8.0";
			developmentRegion = en;
			hasScannedForEncodings = 0;
			knownRegions = (
				en,
			);
			mainGroup = EE9F3D481F84483700FB0483;
			productRefGroup = EE9F3D521F84483700FB0483 /* Products */;
			projectDirPath = "";
			projectRoot = "";
			targets = (
				EE9F3D501F84483700FB0483 /* City University of London */,
			);
		};
/* End PBXProject section */

/* Begin PBXSourcesBuildPhase section */
		EE9F3D4D1F84483700FB0483 /* Sources */ = {
			isa = PBXSourcesBuildPhase;
			buildActionMask = 2147483647;
			files = (
				EE9F3D551F84483700FB0483 /* main.cpp in Sources */,
				EE9F3D631F8448C000FB0483 /* HelloBro_Error.cpp in Sources */,
				EE9F3D651F8448C000FB0483 /* main.cpp in Sources */,
				EE9F3D671F8448C000FB0483 /* conversion.cpp in Sources */,
				EE9F3D641F8448C000FB0483 /* HelloBro.cpp in Sources */,
				EE9F3D661F8448C000FB0483 /* makefile in Sources */,
			);
			runOnlyForDeploymentPostprocessing = 0;
		};
/* End PBXSourcesBuildPhase section */

/* Begin XCBuildConfiguration section */
		EE9F3D561F84483700FB0483 /* Debug */ = {
			isa = XCBuildConfiguration;
			buildSettings = {
				ALWAYS_SEARCH_USER_PATHS = NO;
				CLANG_ANALYZER_NONNULL = YES;
				CLANG_ANALYZER_NUMBER_OBJECT_CONVERSION = YES_AGGRESSIVE;
				CLANG_CXX_LANGUAGE_STANDARD = "gnu++14";
				CLANG_CXX_LIBRARY = "libc++";
				CLANG_ENABLE_MODULES = YES;
				CLANG_ENABLE_OBJC_ARC = YES;
				CLANG_WARN_BLOCK_CAPTURE_AUTORELEASING = YES;
				CLANG_WARN_BOOL_CONVERSION = YES;
				CLANG_WARN_COMMA = YES;
				CLANG_WARN_CONSTANT_CONVERSION = YES;
				CLANG_WARN_DIRECT_OBJC_ISA_USAGE = YES_ERROR;
				CLANG_WARN_DOCUMENTATION_COMMENTS = YES;
				CLANG_WARN_EMPTY_BODY = YES;
				CLANG_WARN_ENUM_CONVERSION = YES;
				CLANG_WARN_INFINITE_RECURSION = YES;
				CLANG_WARN_INT_CONVERSION = YES;
				CLANG_WARN_NON_LITERAL_NULL_CONVERSION = YES;
				CLANG_WARN_OBJC_LITERAL_CONVERSION = YES;
				CLANG_WARN_OBJC_ROOT_CLASS = YES_ERROR;
				CLANG_WARN_RANGE_LOOP_ANALYSIS = YES;
				CLANG_WARN_STRICT_PROTOTYPES = YES;
				CLANG_WARN_SUSPICIOUS_MOVE = YES;
				CLANG_WARN_UNGUARDED_AVAILABILITY = YES_AGGRESSIVE;
				CLANG_WARN_UNREACHABLE_CODE = YES;
				CLANG_WARN__DUPLICATE_METHOD_MATCH = YES;
				CODE_SIGN_IDENTITY = "-";
				COPY_PHASE_STRIP = NO;
				DEBUG_INFORMATION_FORMAT = dwarf;
				ENABLE_STRICT_OBJC_MSGSEND = YES;
				ENABLE_TESTABILITY = YES;
				GCC_C_LANGUAGE_STANDARD = gnu11;
				GCC_DYNAMIC_NO_PIC = NO;
				GCC_NO_COMMON_BLOCKS = YES;
				GCC_OPTIMIZATION_LEVEL = 0;
				GCC_PREPROCESSOR_DEFINITIONS = (
					"DEBUG=1",
					"$(inherited)",
				);
				GCC_WARN_64_TO_32_BIT_CONVERSION = YES;
				GCC_WARN_ABOUT_RETURN_TYPE = YES_ERROR;
				GCC_WARN_UNDECLARED_SELECTOR = YES;
				GCC_WARN_UNINITIALIZED_AUTOS = YES_AGGRESSIVE;
				GCC_WARN_UNUSED_FUNCTION = YES;
				GCC_WARN_UNUSED_VARIABLE = YES;
				MACOSX_DEPLOYMENT_TARGET = 10.12;
				MTL_ENABLE_DEBUG_INFO = YES;
				ONLY_ACTIVE_ARCH = YES;
				SDKROOT = macosx;
			};
			name = Debug;
		};
		EE9F3D571F84483700FB0483 /* Release */ = {
			isa = XCBuildConfiguration;
			buildSettings = {
				ALWAYS_SEARCH_USER_PATHS = NO;
				CLANG_ANALYZER_NONNULL = YES;
				CLANG_ANALYZER_NUMBER_OBJECT_CONVERSION = YES_AGGRESSIVE;
				CLANG_CXX_LANGUAGE_STANDARD = "gnu++14";
				CLANG_CXX_LIBRARY = "libc++";
				CLANG_ENABLE_MODULES = YES;
				CLANG_ENABLE_OBJC_ARC = YES;
				CLANG_WARN_BLOCK_CAPTURE_AUTORELEASING = YES;
				CLANG_WARN_BOOL_CONVERSION = YES;
				CLANG_WARN_COMMA = YES;
				CLANG_WARN_CONSTANT_CONVERSION = YES;
				CLANG_WARN_DIRECT_OBJC_ISA_USAGE = YES_ERROR;
				CLANG_WARN_DOCUMENTATION_COMMENTS = YES;
				CLANG_WARN_EMPTY_BODY = YES;
				CLANG_WARN_ENUM_CONVERSION = YES;
				CLANG_WARN_INFINITE_RECURSION = YES;
				CLANG_WARN_INT_CONVERSION = YES;
				CLANG_WARN_NON_LITERAL_NULL_CONVERSION = YES;
				CLANG_WARN_OBJC_LITERAL_CONVERSION = YES;
				CLANG_WARN_OBJC_ROOT_CLASS = YES_ERROR;
				CLANG_WARN_RANGE_LOOP_ANALYSIS = YES;
				CLANG_WARN_STRICT_PROTOTYPES = YES;
				CLANG_WARN_SUSPICIOUS_MOVE = YES;
				CLANG_WARN_UNGUARDED_AVAILABILITY = YES_AGGRESSIVE;
				CLANG_WARN_UNREACHABLE_CODE = YES;
				CLANG_WARN__DUPLICATE_METHOD_MATCH = YES;
				CODE_SIGN_IDENTITY = "-";
				COPY_PHASE_STRIP = NO;
				DEBUG_INFORMATION_FORMAT = "dwarf-with-dsym";
				ENABLE_NS_ASSERTIONS = NO;
				ENABLE_STRICT_OBJC_MSGSEND = YES;
				GCC_C_LANGUAGE_STANDARD = gnu11;
				GCC_NO_COMMON_BLOCKS = YES;
				GCC_WARN_64_TO_32_BIT_CONVERSION = YES;
				GCC_WARN_ABOUT_RETURN_TYPE = YES_ERROR;
				GCC_WARN_UNDECLARED_SELECTOR = YES;
				GCC_WARN_UNINITIALIZED_AUTOS = YES_AGGRESSIVE;
				GCC_WARN_UNUSED_FUNCTION = YES;
				GCC_WARN_UNUSED_VARIABLE = YES;
				MACOSX_DEPLOYMENT_TARGET = 10.12;
				MTL_ENABLE_DEBUG_INFO = NO;
				SDKROOT = macosx;
			};
			name = Release;
		};
		EE9F3D591F84483700FB0483 /* Debug */ = {
			isa = XCBuildConfiguration;
			buildSettings = {
				CODE_SIGN_STYLE = Automatic;
				PRODUCT_NAME = "$(TARGET_NAME)";
			};
			name = Debug;
		};
		EE9F3D5A1F84483700FB0483 /* Release */ = {
			isa = XCBuildConfiguration;
			buildSettings = {
				CODE_SIGN_STYLE = Automatic;
				PRODUCT_NAME = "$(TARGET_NAME)";
			};
			name = Release;
		};
/* End XCBuildConfiguration section */

/* Begin XCConfigurationList section */
		EE9F3D4C1F84483700FB0483 /* Build configuration list for PBXProject "City University of London" */ = {
			isa = XCConfigurationList;
			buildConfigurations = (
				EE9F3D561F84483700FB0483 /* Debug */,
				EE9F3D571F84483700FB0483 /* Release */,
			);
			defaultConfigurationIsVisible = 0;
			defaultConfigurationName = Release;
		};
		EE9F3D581F84483700FB0483 /* Build configuration list for PBXNativeTarget "City University of London" */ = {
			isa = XCConfigurationList;
			buildConfigurations = (
				EE9F3D591F84483700FB0483 /* Debug */,
				EE9F3D5A1F84483700FB0483 /* Release */,
			);
			defaultConfigurationIsVisible = 0;
			defaultConfigurationName = Release;
		};
/* End XCConfigurationList section */
	};
	rootObject = EE9F3D491F84483700FB0483 /* Project object */;
}
